PODS:
  - CocoaLumberjack (3.0.0):
    - CocoaLumberjack/Default (= 3.0.0)
    - CocoaLumberjack/Extensions (= 3.0.0)
  - CocoaLumberjack/Core (3.0.0)
  - CocoaLumberjack/Default (3.0.0):
    - CocoaLumberjack/Core
  - CocoaLumberjack/Extensions (3.0.0):
    - CocoaLumberjack/Default
  - CocoaLumberjack/Swift (3.0.0):
    - CocoaLumberjack/Extensions
  - LumberjackConsole (3.0.1):
    - CocoaLumberjack (>= 3.x)
    - NBUCore (>= 2.0.5)
  - NBUCore (2.0.5)

DEPENDENCIES:
  - CocoaLumberjack/Swift (= 3.0.0)
  - LumberjackConsole (= 3.0.1)

SPEC CHECKSUMS:
  CocoaLumberjack: c823149bccc5519a9447aeb433be7b1212a7d6a5
  LumberjackConsole: 8cfc0f8c1c3459b2b88f9abfa3dc68a6810a3708
  NBUCore: bfdce78c97f2a9566c97082f44157547223b22a6

PODFILE CHECKSUM: 3d4c526e9f6d980dd104a49c68fe8494bf2d3ca3

COCOAPODS: 1.2.1
