PODS:
  - CocoaLumberjack (3.4.2):
    - CocoaLumberjack/Default (= 3.4.2)
    - CocoaLumberjack/Extensions (= 3.4.2)
  - CocoaLumberjack/Default (3.4.2)
  - CocoaLumberjack/Extensions (3.4.2):
    - CocoaLumberjack/Default
  - CocoaLumberjack/Swift (3.4.2):
    - CocoaLumberjack/Default
  - LumberjackConsole (3.3.0):
    - CocoaLumberjack (>= 3.x)
    - NBUCore (>= 2.1.0)
  - NBUCore (2.1.0)

DEPENDENCIES:
  - CocoaLumberjack/Swift (= 3.4.2)
  - LumberjackConsole (= 3.3.0)

SPEC CHECKSUMS:
  CocoaLumberjack: db7cc9e464771f12054c22ff6947c5a58d43a0fd
  LumberjackConsole: 1837f5266a9b7052aebc6d6d8c9daa8bdc01b75d
  NBUCore: 201af50441f48513ef6d5823a5fc12c9e1f288cd

PODFILE CHECKSUM: fd2956b92387ade7199f038ac5c88c11a1561db9

COCOAPODS: 1.2.1
